
Microsoft Visual Studio Solution File, Format Version 12.00
# Visual Studio Version 16
VisualStudioVersion = 16.0.31424.327
MinimumVisualStudioVersion = 10.0.40219.1
Project("{FAE04EC0-301F-11D3-BF4B-00C04F79EFBC}") = "Configuration", "Configuration\Configuration.csproj", "{D02F0C89-2425-4AD7-9E8F-EDEB91A25A76}"
EndProject
Global
	GlobalSection(SolutionConfigurationPlatforms) = preSolution
		Debug|Any CPU = Debug|Any CPU
		Release|Any CPU = Release|Any CPU
	EndGlobalSection
	GlobalSection(ProjectConfigurationPlatforms) = postSolution
		{D02F0C89-2425-4AD7-9E8F-EDEB91A25A76}.Debug|Any CPU.ActiveCfg = Debug|Any CPU
		{D02F0C89-2425-4AD7-9E8F-EDEB91A25A76}.Debug|Any CPU.Build.0 = Debug|Any CPU
		{D02F0C89-2425-4AD7-9E8F-EDEB91A25A76}.Release|Any CPU.ActiveCfg = Release|Any CPU
		{D02F0C89-2425-4AD7-9E8F-EDEB91A25A76}.Release|Any CPU.Build.0 = Release|Any CPU
	EndGlobalSection
	GlobalSection(SolutionProperties) = preSolution
		HideSolutionNode = FALSE
	EndGlobalSection
	GlobalSection(ExtensibilityGlobals) = postSolution
		SolutionGuid = {1ACB50C7-328F-46E8-B05E-DEEB137E0471}
	EndGlobalSection
EndGlobal
